
Microsoft Visual Studio Solution File, Format Version 12.00
# Visual Studio Version 17
VisualStudioVersion = 17.10.34928.147
MinimumVisualStudioVersion = 10.0.40219.1
Project("{9A19103F-16F7-4668-BE54-9A1E7A4F7556}") = "SUPLauncher", "SUPLauncher\SUPLauncher.csproj", "{A9B02CFF-9C7A-4C73-BC1E-8744B21DB19D}"
EndProject
Global
	GlobalSection(SolutionConfigurationPlatforms) = preSolution
		Debug|x64 = Debug|x64
		Release|x64 = Release|x64
	EndGlobalSection
	GlobalSection(ProjectConfigurationPlatforms) = postSolution
		{A9B02CFF-9C7A-4C73-BC1E-8744B21DB19D}.Debug|x64.ActiveCfg = Debug|x64
		{A9B02CFF-9C7A-4C73-BC1E-8744B21DB19D}.Debug|x64.Build.0 = Debug|x64
		{A9B02CFF-9C7A-4C73-BC1E-8744B21DB19D}.Release|x64.ActiveCfg = Release|x64
	EndGlobalSection
	GlobalSection(SolutionProperties) = preSolution
		HideSolutionNode = FALSE
	EndGlobalSection
	GlobalSection(ExtensibilityGlobals) = postSolution
		SolutionGuid = {DA2DFFB6-EACA-43DD-9363-31394B3CB330}
	EndGlobalSection
EndGlobal
